
Microsoft Visual Studio Solution File, Format Version 12.00
# Visual Studio Version 17
VisualStudioVersion = 17.9.34728.123
MinimumVisualStudioVersion = 10.0.40219.1
Project("{9A19103F-16F7-4668-BE54-9A1E7A4F7556}") = "CSharpRegexTools4Npp", "CSharpRegexTools4Npp\CSharpRegexTools4Npp.csproj", "{A15139CC-6B92-4881-9F2F-7C5554A6F158}"
EndProject
Project("{9A19103F-16F7-4668-BE54-9A1E7A4F7556}") = "RegexDialog", "RegexDialog\RegexDialog.csproj", "{A4587B92-5236-401D-BFEB-D7D46BC09A0F}"
EndProject
Global
	GlobalSection(SolutionConfigurationPlatforms) = preSolution
		Debug|x64 = Debug|x64
		Debug|x86 = Debug|x86
		Release|x64 = Release|x64
		Release|x86 = Release|x86
	EndGlobalSection
	GlobalSection(ProjectConfigurationPlatforms) = postSolution
		{A15139CC-6B92-4881-9F2F-7C5554A6F158}.Debug|x64.ActiveCfg = Debug|x64
		{A15139CC-6B92-4881-9F2F-7C5554A6F158}.Debug|x64.Build.0 = Debug|x64
		{A15139CC-6B92-4881-9F2F-7C5554A6F158}.Debug|x86.ActiveCfg = Debug|x86
		{A15139CC-6B92-4881-9F2F-7C5554A6F158}.Debug|x86.Build.0 = Debug|x86
		{A15139CC-6B92-4881-9F2F-7C5554A6F158}.Release|x64.ActiveCfg = Release|x64
		{A15139CC-6B92-4881-9F2F-7C5554A6F158}.Release|x64.Build.0 = Release|x64
		{A15139CC-6B92-4881-9F2F-7C5554A6F158}.Release|x86.ActiveCfg = Release|x86
		{A15139CC-6B92-4881-9F2F-7C5554A6F158}.Release|x86.Build.0 = Release|x86
		{A4587B92-5236-401D-BFEB-D7D46BC09A0F}.Debug|x64.ActiveCfg = Debug|x64
		{A4587B92-5236-401D-BFEB-D7D46BC09A0F}.Debug|x64.Build.0 = Debug|x64
		{A4587B92-5236-401D-BFEB-D7D46BC09A0F}.Debug|x86.ActiveCfg = Debug|x86
		{A4587B92-5236-401D-BFEB-D7D46BC09A0F}.Debug|x86.Build.0 = Debug|x86
		{A4587B92-5236-401D-BFEB-D7D46BC09A0F}.Release|x64.ActiveCfg = Release|x64
		{A4587B92-5236-401D-BFEB-D7D46BC09A0F}.Release|x64.Build.0 = Release|x64
		{A4587B92-5236-401D-BFEB-D7D46BC09A0F}.Release|x86.ActiveCfg = Release|x86
		{A4587B92-5236-401D-BFEB-D7D46BC09A0F}.Release|x86.Build.0 = Release|x86
	EndGlobalSection
	GlobalSection(SolutionProperties) = preSolution
		HideSolutionNode = FALSE
	EndGlobalSection
	GlobalSection(ExtensibilityGlobals) = postSolution
		SolutionGuid = {B1720AB5-5228-4E68-ACD9-5B458A21407C}
	EndGlobalSection
EndGlobal
